// !$*UTF8*$!
{
	archiveVersion = 1;
	classes = {
	};
	objectVersion = 46;
	objects = {

/* Begin PBXBuildFile section */
		53218B1018995B0E008181AE /* CUTest.cpp in Sources */ = {isa = PBXBuildFile; fileRef = 53218B0E18995B0E008181AE /* CUTest.cpp */; };
		53218B1118995B0E008181AE /* CUTest.h in Headers */ = {isa = PBXBuildFile; fileRef = 53218B0F18995B0E008181AE /* CUTest.h */; settings = {ATTRIBUTES = (Public, ); }; };
		53218B14189A8B03008181AE /* CUTestReport.cpp in Sources */ = {isa = PBXBuildFile; fileRef = 53218B12189A8B03008181AE /* CUTestReport.cpp */; };
		53218B15189A8B03008181AE /* CUTestReport.h in Headers */ = {isa = PBXBuildFile; fileRef = 53218B13189A8B03008181AE /* CUTestReport.h */; settings = {ATTRIBUTES = (Public, ); }; };
		533EF91D17E9F365004094C6 /* main.cpp in Sources */ = {isa = PBXBuildFile; fileRef = 533EF91C17E9F365004094C6 /* main.cpp */; };
/* End PBXBuildFile section */

/* Begin PBXCopyFilesBuildPhase section */
		533EF91117E9F342004094C6 /* CopyFiles */ = {
			isa = PBXCopyFilesBuildPhase;
			buildActionMask = 2147483647;
			dstPath = /usr/share/man/man1/;
			dstSubfolderSpec = 0;
			files = (
			);
			runOnlyForDeploymentPostprocessing = 1;
		};
/* End PBXCopyFilesBuildPhase section */

/* Begin PBXFileReference section */
		53218B0E18995B0E008181AE /* CUTest.cpp */ = {isa = PBXFileReference; fileEncoding = 4; lastKnownFileType = sourcecode.cpp.cpp; path = CUTest.cpp; sourceTree = "<group>"; };
		53218B0F18995B0E008181AE /* CUTest.h */ = {isa = PBXFileReference; fileEncoding = 4; lastKnownFileType = sourcecode.c.h; path = CUTest.h; sourceTree = "<group>"; };
		53218B12189A8B03008181AE /* CUTestReport.cpp */ = {isa = PBXFileReference; fileEncoding = 4; lastKnownFileType = sourcecode.cpp.cpp; path = CUTestReport.cpp; sourceTree = "<group>"; };
		53218B13189A8B03008181AE /* CUTestReport.h */ = {isa = PBXFileReference; fileEncoding = 4; lastKnownFileType = sourcecode.c.h; path = CUTestReport.h; sourceTree = "<group>"; };
		533EF90317E9F252004094C6 /* libcommon_test.dylib */ = {isa = PBXFileReference; explicitFileType = "compiled.mach-o.dylib"; includeInIndex = 0; path = libcommon_test.dylib; sourceTree = BUILT_PRODUCTS_DIR; };
		533EF91317E9F342004094C6 /* test_test */ = {isa = PBXFileReference; explicitFileType = "compiled.mach-o.executable"; includeInIndex = 0; path = test_test; sourceTree = BUILT_PRODUCTS_DIR; };
		533EF91C17E9F365004094C6 /* main.cpp */ = {isa = PBXFileReference; fileEncoding = 4; lastKnownFileType = sourcecode.cpp.cpp; name = main.cpp; path = source/main.cpp; sourceTree = "<group>"; };
/* End PBXFileReference section */

/* Begin PBXFrameworksBuildPhase section */
		533EF90017E9F252004094C6 /* Frameworks */ = {
			isa = PBXFrameworksBuildPhase;
			buildActionMask = 2147483647;
			files = (
			);
			runOnlyForDeploymentPostprocessing = 0;
		};
		533EF91017E9F342004094C6 /* Frameworks */ = {
			isa = PBXFrameworksBuildPhase;
			buildActionMask = 2147483647;
			files = (
			);
			runOnlyForDeploymentPostprocessing = 0;
		};
/* End PBXFrameworksBuildPhase section */

/* Begin PBXGroup section */
		533EF8FA17E9F252004094C6 = {
			isa = PBXGroup;
			children = (
				533EF90E17E9F300004094C6 /* common_test */,
				533EF91417E9F342004094C6 /* test */,
				533EF90417E9F252004094C6 /* Products */,
			);
			sourceTree = "<group>";
		};
		533EF90417E9F252004094C6 /* Products */ = {
			isa = PBXGroup;
			children = (
				533EF90317E9F252004094C6 /* libcommon_test.dylib */,
				533EF91317E9F342004094C6 /* test_test */,
			);
			name = Products;
			sourceTree = "<group>";
		};
		533EF90E17E9F300004094C6 /* common_test */ = {
			isa = PBXGroup;
			children = (
				53218B0E18995B0E008181AE /* CUTest.cpp */,
				53218B0F18995B0E008181AE /* CUTest.h */,
				53218B12189A8B03008181AE /* CUTestReport.cpp */,
				53218B13189A8B03008181AE /* CUTestReport.h */,
			);
			name = common_test;
			sourceTree = "<group>";
		};
		533EF91417E9F342004094C6 /* test */ = {
			isa = PBXGroup;
			children = (
				533EF91C17E9F365004094C6 /* main.cpp */,
			);
			name = test;
			sourceTree = "<group>";
		};
/* End PBXGroup section */

/* Begin PBXHeadersBuildPhase section */
		533EF90117E9F252004094C6 /* Headers */ = {
			isa = PBXHeadersBuildPhase;
			buildActionMask = 2147483647;
			files = (
				53218B1118995B0E008181AE /* CUTest.h in Headers */,
				53218B15189A8B03008181AE /* CUTestReport.h in Headers */,
			);
			runOnlyForDeploymentPostprocessing = 0;
		};
/* End PBXHeadersBuildPhase section */

/* Begin PBXNativeTarget section */
		533EF90217E9F252004094C6 /* common_test */ = {
			isa = PBXNativeTarget;
			buildConfigurationList = 533EF90717E9F252004094C6 /* Build configuration list for PBXNativeTarget "common_test" */;
			buildPhases = (
				533EF8FF17E9F252004094C6 /* Sources */,
				533EF90017E9F252004094C6 /* Frameworks */,
				533EF90117E9F252004094C6 /* Headers */,
			);
			buildRules = (
			);
			dependencies = (
			);
			name = common_test;
			productName = common_test;
			productReference = 533EF90317E9F252004094C6 /* libcommon_test.dylib */;
			productType = "com.apple.product-type.library.dynamic";
		};
		533EF91217E9F342004094C6 /* test_test */ = {
			isa = PBXNativeTarget;
			buildConfigurationList = 533EF91917E9F342004094C6 /* Build configuration list for PBXNativeTarget "test_test" */;
			buildPhases = (
				533EF90F17E9F342004094C6 /* Sources */,
				533EF91017E9F342004094C6 /* Frameworks */,
				533EF91117E9F342004094C6 /* CopyFiles */,
			);
			buildRules = (
			);
			dependencies = (
			);
			name = test_test;
			productName = test_test;
			productReference = 533EF91317E9F342004094C6 /* test_test */;
			productType = "com.apple.product-type.tool";
		};
/* End PBXNativeTarget section */

/* Begin PBXProject section */
		533EF8FB17E9F252004094C6 /* Project object */ = {
			isa = PBXProject;
			attributes = {
				LastUpgradeCheck = 0460;
				ORGANIZATIONNAME = "andrea michelotti";
			};
			buildConfigurationList = 533EF8FE17E9F252004094C6 /* Build configuration list for PBXProject "test" */;
			compatibilityVersion = "Xcode 3.2";
			developmentRegion = English;
			hasScannedForEncodings = 0;
			knownRegions = (
				en,
			);
			mainGroup = 533EF8FA17E9F252004094C6;
			productRefGroup = 533EF90417E9F252004094C6 /* Products */;
			projectDirPath = "";
			projectRoot = "";
			targets = (
				533EF90217E9F252004094C6 /* common_test */,
				533EF91217E9F342004094C6 /* test_test */,
			);
		};
/* End PBXProject section */

/* Begin PBXSourcesBuildPhase section */
		533EF8FF17E9F252004094C6 /* Sources */ = {
			isa = PBXSourcesBuildPhase;
			buildActionMask = 2147483647;
			files = (
				53218B1018995B0E008181AE /* CUTest.cpp in Sources */,
				53218B14189A8B03008181AE /* CUTestReport.cpp in Sources */,
			);
			runOnlyForDeploymentPostprocessing = 0;
		};
		533EF90F17E9F342004094C6 /* Sources */ = {
			isa = PBXSourcesBuildPhase;
			buildActionMask = 2147483647;
			files = (
				533EF91D17E9F365004094C6 /* main.cpp in Sources */,
			);
			runOnlyForDeploymentPostprocessing = 0;
		};
/* End PBXSourcesBuildPhase section */

/* Begin XCBuildConfiguration section */
		533EF90517E9F252004094C6 /* Debug */ = {
			isa = XCBuildConfiguration;
			buildSettings = {
				ALWAYS_SEARCH_USER_PATHS = NO;
				ARCHS = "$(ARCHS_STANDARD_64_BIT)";
				CLANG_CXX_LANGUAGE_STANDARD = "gnu++0x";
				CLANG_CXX_LIBRARY = "libc++";
				CLANG_WARN_CONSTANT_CONVERSION = YES;
				CLANG_WARN_EMPTY_BODY = YES;
				CLANG_WARN_ENUM_CONVERSION = YES;
				CLANG_WARN_INT_CONVERSION = YES;
				CLANG_WARN__DUPLICATE_METHOD_MATCH = YES;
				COPY_PHASE_STRIP = NO;
				GCC_C_LANGUAGE_STANDARD = gnu99;
				GCC_DYNAMIC_NO_PIC = NO;
				GCC_ENABLE_OBJC_EXCEPTIONS = YES;
				GCC_OPTIMIZATION_LEVEL = 0;
				GCC_PREPROCESSOR_DEFINITIONS = (
					"DEBUG=1",
					"$(inherited)",
				);
				GCC_SYMBOLS_PRIVATE_EXTERN = NO;
				GCC_WARN_64_TO_32_BIT_CONVERSION = YES;
				GCC_WARN_ABOUT_RETURN_TYPE = YES;
				GCC_WARN_UNINITIALIZED_AUTOS = YES;
				GCC_WARN_UNUSED_VARIABLE = YES;
				MACOSX_DEPLOYMENT_TARGET = 10.8;
				ONLY_ACTIVE_ARCH = YES;
				SDKROOT = macosx;
			};
			name = Debug;
		};
		533EF90617E9F252004094C6 /* Release */ = {
			isa = XCBuildConfiguration;
			buildSettings = {
				ALWAYS_SEARCH_USER_PATHS = NO;
				ARCHS = "$(ARCHS_STANDARD_64_BIT)";
				CLANG_CXX_LANGUAGE_STANDARD = "gnu++0x";
				CLANG_CXX_LIBRARY = "libc++";
				CLANG_WARN_CONSTANT_CONVERSION = YES;
				CLANG_WARN_EMPTY_BODY = YES;
				CLANG_WARN_ENUM_CONVERSION = YES;
				CLANG_WARN_INT_CONVERSION = YES;
				CLANG_WARN__DUPLICATE_METHOD_MATCH = YES;
				COPY_PHASE_STRIP = YES;
				DEBUG_INFORMATION_FORMAT = "dwarf-with-dsym";
				GCC_C_LANGUAGE_STANDARD = gnu99;
				GCC_ENABLE_OBJC_EXCEPTIONS = YES;
				GCC_WARN_64_TO_32_BIT_CONVERSION = YES;
				GCC_WARN_ABOUT_RETURN_TYPE = YES;
				GCC_WARN_UNINITIALIZED_AUTOS = YES;
				GCC_WARN_UNUSED_VARIABLE = YES;
				MACOSX_DEPLOYMENT_TARGET = 10.8;
				SDKROOT = macosx;
			};
			name = Release;
		};
		533EF90817E9F252004094C6 /* Debug */ = {
			isa = XCBuildConfiguration;
			buildSettings = {
				CLANG_CXX_LANGUAGE_STANDARD = "compiler-default";
				CLANG_CXX_LIBRARY = "libstdc++";
				CONFIGURATION_BUILD_DIR = "$(SRCROOT)/usr/local/lib";
				DEPLOYMENT_LOCATION = YES;
				DSTROOT = /;
				EXECUTABLE_PREFIX = lib;
				GCC_PREPROCESSOR_DEFINITIONS = (
					"CHAOS=1",
					"DEBUG=1",
					"$(inherited)",
				);
				HEADER_SEARCH_PATHS = "$(SRCROOT)/../../usr/local/include";
				INSTALL_PATH = "$(SRCROOT)/../../usr/local/lib";
				LIBRARY_SEARCH_PATHS = "$(SRCROOT)/../../usr/local/lib";
				OBJROOT = "$(SRCROOT)/../../usr/local/lib";
				OTHER_CFLAGS = "";
				OTHER_LDFLAGS = (
					"-lboost_chrono",
					"-lmemcached",
					"-lboost_system",
					"-lboost_thread",
					"-lboost_program_options",
					"-lboost_regex",
					"-lboost_filesystem",
					"-lboost_log",
					"-lboost_log_setup",
					"-lchaos_cutoolkit",
					"-lchaos_common",
					"-lcommon_powersupply",
					"-lcommon_debug",
					"-lcommon_serial",
					"-ldriver_powersupply",
					"-lchaos_uitoolkit",
				);
				PRODUCT_NAME = "$(TARGET_NAME)";
				PUBLIC_HEADERS_FOLDER_PATH = "$(SRCROOT)/../../usr/local/include/common/test";
			};
			name = Debug;
		};
		533EF90917E9F252004094C6 /* Release */ = {
			isa = XCBuildConfiguration;
			buildSettings = {
				CLANG_CXX_LANGUAGE_STANDARD = "compiler-default";
				CLANG_CXX_LIBRARY = "libstdc++";
				CONFIGURATION_BUILD_DIR = "$(SRCROOT)/usr/local/lib";
				DEPLOYMENT_LOCATION = YES;
				DSTROOT = /;
				EXECUTABLE_PREFIX = lib;
				HEADER_SEARCH_PATHS = "$(SRCROOT)/../../usr/local/include";
				INSTALL_PATH = "$(SRCROOT)/../../usr/local/lib";
				LIBRARY_SEARCH_PATHS = "$(SRCROOT)/../../usr/local/lib";
				OBJROOT = "$(SRCROOT)/../../usr/local/lib";
				OTHER_CFLAGS = "";
				OTHER_LDFLAGS = (
					"-lboost_chrono",
					"-lmemcached",
					"-lboost_system",
					"-lboost_thread",
					"-lboost_program_options",
					"-lboost_regex",
					"-lboost_filesystem",
					"-lboost_log",
					"-lboost_log_setup",
					"-lchaos_cutoolkit",
					"-lchaos_common",
					"-lcommon_powersupply",
					"-lcommon_debug",
					"-lcommon_serial",
					"-ldriver_powersupply",
					"-lchaos_uitoolkit",
				);
				PRODUCT_NAME = "$(TARGET_NAME)";
				PUBLIC_HEADERS_FOLDER_PATH = "$(SRCROOT)/../../usr/local/include/common/test";
			};
			name = Release;
		};
		533EF91A17E9F342004094C6 /* Debug */ = {
			isa = XCBuildConfiguration;
			buildSettings = {
				CLANG_CXX_LANGUAGE_STANDARD = "compiler-default";
				CLANG_CXX_LIBRARY = "libstdc++";
				GCC_VERSION = "";
				HEADER_SEARCH_PATHS = "$(SRCROOT)/../../usr/local/include";
				LIBRARY_SEARCH_PATHS = "$(SRCROOT)/../../usr/local/lib";
				OTHER_LDFLAGS = (
					"-lcommon_test",
					"-lboost_chrono",
					"-lboost_system",
					"-lboost_thread",
					"-lboost_program_options",
					"-lboost_regex",
					"-lboost_filesystem",
					"-lboost_log",
					"-lboost_log_setup",
				);
				PRODUCT_NAME = "$(TARGET_NAME)";
			};
			name = Debug;
		};
		533EF91B17E9F342004094C6 /* Release */ = {
			isa = XCBuildConfiguration;
			buildSettings = {
				CLANG_CXX_LANGUAGE_STANDARD = "compiler-default";
				CLANG_CXX_LIBRARY = "libstdc++";
				GCC_VERSION = "";
				HEADER_SEARCH_PATHS = "$(SRCROOT)/../../usr/local/include";
				LIBRARY_SEARCH_PATHS = "$(SRCROOT)/../../usr/local/lib";
				OTHER_LDFLAGS = (
					"-lcommon_test",
					"-lboost_chrono",
					"-lboost_system",
					"-lboost_thread",
					"-lboost_program_options",
					"-lboost_regex",
					"-lboost_filesystem",
					"-lboost_log",
					"-lboost_log_setup",
				);
				PRODUCT_NAME = "$(TARGET_NAME)";
			};
			name = Release;
		};
/* End XCBuildConfiguration section */

/* Begin XCConfigurationList section */
		533EF8FE17E9F252004094C6 /* Build configuration list for PBXProject "test" */ = {
			isa = XCConfigurationList;
			buildConfigurations = (
				533EF90517E9F252004094C6 /* Debug */,
				533EF90617E9F252004094C6 /* Release */,
			);
			defaultConfigurationIsVisible = 0;
			defaultConfigurationName = Release;
		};
		533EF90717E9F252004094C6 /* Build configuration list for PBXNativeTarget "common_test" */ = {
			isa = XCConfigurationList;
			buildConfigurations = (
				533EF90817E9F252004094C6 /* Debug */,
				533EF90917E9F252004094C6 /* Release */,
			);
			defaultConfigurationIsVisible = 0;
			defaultConfigurationName = Release;
		};
		533EF91917E9F342004094C6 /* Build configuration list for PBXNativeTarget "test_test" */ = {
			isa = XCConfigurationList;
			buildConfigurations = (
				533EF91A17E9F342004094C6 /* Debug */,
				533EF91B17E9F342004094C6 /* Release */,
			);
			defaultConfigurationIsVisible = 0;
			defaultConfigurationName = Release;
		};
/* End XCConfigurationList section */
	};
	rootObject = 533EF8FB17E9F252004094C6 /* Project object */;
}
